{
  "originHash" : "e0670c95c47abc077c9f0bfbd261dd9b82cee6a1c3397adace555834415f9347",
  "pins" : [
    {
      "identity" : "seizos-kit",
      "kind" : "remoteSourceControl",
      "location" : "https://github.com/alexsmbaratti/seizos-kit",
      "state" : {
        "branch" : "main",
        "revision" : "8cb1dabf81a5de2d2388501e62cd8d7dc429d2d9"
      }
    }
  ],
  "version" : 3
}
