{
  "originHash" : "e0670c95c47abc077c9f0bfbd261dd9b82cee6a1c3397adace555834415f9347",
  "pins" : [
    {
      "identity" : "seizos-kit",
      "kind" : "remoteSourceControl",
      "location" : "https://github.com/alexsmbaratti/seizos-kit",
      "state" : {
        "branch" : "main",
        "revision" : "23f07050ee4736d16bc7b4c3b7fd8cb56cd64aa4"
      }
    }
  ],
  "version" : 3
}
