{
  "originHash" : "e0670c95c47abc077c9f0bfbd261dd9b82cee6a1c3397adace555834415f9347",
  "pins" : [
    {
      "identity" : "seizos-kit",
      "kind" : "remoteSourceControl",
      "location" : "https://github.com/alexsmbaratti/seizos-kit",
      "state" : {
        "branch" : "main",
        "revision" : "f31f29a39543c5efc8d11a6a9f4f8faf8a3e4aba"
      }
    }
  ],
  "version" : 3
}
